
Microsoft Visual Studio Solution File, Format Version 12.00
# Visual Studio Version 17
VisualStudioVersion = 17.1.32210.238
MinimumVisualStudioVersion = 10.0.40219.1
Project("{FAE04EC0-301F-11D3-BF4B-00C04F79EFBC}") = "AwaitUsing_BugReport_VS2022", "AwaitUsing_BugReport_VS2022\AwaitUsing_BugReport_VS2022.csproj", "{5466A792-E6DD-433A-AD7B-00B468F4F1FE}"
EndProject
Global
	GlobalSection(SolutionConfigurationPlatforms) = preSolution
		Debug|Any CPU = Debug|Any CPU
		Release|Any CPU = Release|Any CPU
	EndGlobalSection
	GlobalSection(ProjectConfigurationPlatforms) = postSolution
		{5466A792-E6DD-433A-AD7B-00B468F4F1FE}.Debug|Any CPU.ActiveCfg = Debug|Any CPU
		{5466A792-E6DD-433A-AD7B-00B468F4F1FE}.Debug|Any CPU.Build.0 = Debug|Any CPU
		{5466A792-E6DD-433A-AD7B-00B468F4F1FE}.Release|Any CPU.ActiveCfg = Release|Any CPU
		{5466A792-E6DD-433A-AD7B-00B468F4F1FE}.Release|Any CPU.Build.0 = Release|Any CPU
	EndGlobalSection
	GlobalSection(SolutionProperties) = preSolution
		HideSolutionNode = FALSE
	EndGlobalSection
	GlobalSection(ExtensibilityGlobals) = postSolution
		SolutionGuid = {048B54A7-3CA2-4ED9-ADDE-D3952D3B318F}
	EndGlobalSection
EndGlobal
